// !$*UTF8*$!
{
	archiveVersion = 1;
	classes = {
	};
	objectVersion = 56;
	objects = {

/* Begin PBXBuildFile section */
		76E124CB19A3CC49C392B799 /* StrideApp.swift in Sources */ = {isa = PBXBuildFile; fileRef = D58A0EE49227F53B6A1F1444 /* StrideApp.swift */; };
		1A3C9AF8458B8AE328B529F8 /* CalorieEstimator.swift in Sources */ = {isa = PBXBuildFile; fileRef = 1FA624F0C32BEB22F50D202B /* CalorieEstimator.swift */; };
		0EFA671C45FAF5097D4A3106 /* Format.swift in Sources */ = {isa = PBXBuildFile; fileRef = 87A978A2662EF1621CAABF15 /* Format.swift */; };
		90A4AD6B0AECFB603663E36F /* RouteTrack.swift in Sources */ = {isa = PBXBuildFile; fileRef = 29FA7A8DE980E1F58E9B8C0F /* RouteTrack.swift */; };
		428E9D55A58B25588ECAA822 /* UserProfile.swift in Sources */ = {isa = PBXBuildFile; fileRef = E2076B4A04421BB47F118404 /* UserProfile.swift */; };
		786600AC89CE653F8CDE7667 /* Walk.swift in Sources */ = {isa = PBXBuildFile; fileRef = 55A4080CF204E834DA15DCEA /* Walk.swift */; };
		7610C5C98E5BD52EA85F6135 /* HealthKitService.swift in Sources */ = {isa = PBXBuildFile; fileRef = 24D30AD63DC62999230BB3B3 /* HealthKitService.swift */; };
		71365948EFC7D026271D7DD3 /* LocationService.swift in Sources */ = {isa = PBXBuildFile; fileRef = 91F130ED70CDC3EA6B71B45D /* LocationService.swift */; };
		F1BF2F1AA929DA5BEC7FD7B8 /* PedometerService.swift in Sources */ = {isa = PBXBuildFile; fileRef = 47EDCA951E51AA41288B1FC7 /* PedometerService.swift */; };
		7ACE6146F0A3C01C37751393 /* WalkStore.swift in Sources */ = {isa = PBXBuildFile; fileRef = FBB4FA9E3241AE7C7B1AF05B /* WalkStore.swift */; };
		CF89808B8C8FF088D55E59D0 /* TodayModel.swift in Sources */ = {isa = PBXBuildFile; fileRef = 54AB6C4E38E9A44E725A0836 /* TodayModel.swift */; };
		934EA668E938120ABA345B29 /* WalkSession.swift in Sources */ = {isa = PBXBuildFile; fileRef = 586596C04125F061D90FDF99 /* WalkSession.swift */; };
		01D40406DFB638C12B1BC937 /* HistoryView.swift in Sources */ = {isa = PBXBuildFile; fileRef = 1925E8E16292C3DE541DAEDE /* HistoryView.swift */; };
		0EE19AEF2FE5ED495EC2B81D /* OnboardingView.swift in Sources */ = {isa = PBXBuildFile; fileRef = 1469BFF3B3AA822BDB255ED4 /* OnboardingView.swift */; };
		FC6AAEB51CFFEE563D1A5C92 /* ProfileView.swift in Sources */ = {isa = PBXBuildFile; fileRef = 34A61AEA27814A83F034EBD1 /* ProfileView.swift */; };
		D5E30128C131D1FB2E384D60 /* RootView.swift in Sources */ = {isa = PBXBuildFile; fileRef = D938BE3EE37B2BDF3383FAFD /* RootView.swift */; };
		7FEBA0DBC23CF870B2AD5E9A /* TodayView.swift in Sources */ = {isa = PBXBuildFile; fileRef = 83DD41935B3F9D134A25BA7B /* TodayView.swift */; };
		43B064819C8E1FF00EC3F353 /* WalkDetailView.swift in Sources */ = {isa = PBXBuildFile; fileRef = 5AE886BDE04D31F4039A6C98 /* WalkDetailView.swift */; };
		29D9D069BD810F281F9C05F6 /* WalkSummaryView.swift in Sources */ = {isa = PBXBuildFile; fileRef = 7CB8D914403F86197C536050 /* WalkSummaryView.swift */; };
		690D685F90624421C7FAE427 /* WalkView.swift in Sources */ = {isa = PBXBuildFile; fileRef = B76E71D7B9D8BFE47E1ED740 /* WalkView.swift */; };
		DDA2E2A2AB4C8B00BA101F1B /* AppBackground.swift in Sources */ = {isa = PBXBuildFile; fileRef = 0DF788244EA471893F83E677 /* AppBackground.swift */; };
		A56949155E56DE4A50C0EBBE /* ConfettiBurst.swift in Sources */ = {isa = PBXBuildFile; fileRef = 4C4A939CB14C62B80083AD99 /* ConfettiBurst.swift */; };
		6DF20FA56DCEE0F3B3112EFF /* ProgressRing.swift in Sources */ = {isa = PBXBuildFile; fileRef = F491CFDFA6A159359AB19CA8 /* ProgressRing.swift */; };
		FF92138F8AB1C2D72DC38843 /* PulsingMarker.swift in Sources */ = {isa = PBXBuildFile; fileRef = C6678D34B3C0C24BDCFFAA43 /* PulsingMarker.swift */; };
		8A074169FBAD48AA177CA7FF /* RoutePreview.swift in Sources */ = {isa = PBXBuildFile; fileRef = C0F1176828828C05DDAD17FB /* RoutePreview.swift */; };
		1AD6D4CC51416E8FE7F18B04 /* StatTile.swift in Sources */ = {isa = PBXBuildFile; fileRef = C3E7BB97D6A89CED0768A264 /* StatTile.swift */; };
		9A6DA4E475C30C7BF3A82B1A /* StepsChart.swift in Sources */ = {isa = PBXBuildFile; fileRef = 136B8A0CF889019688C8C2BD /* StepsChart.swift */; };
		AD8BF2B12B68E70ECC2B9A8E /* Theme.swift in Sources */ = {isa = PBXBuildFile; fileRef = B234A60582AA49F79A20073D /* Theme.swift */; };
		22A46C9CE9DD37651C9EA68A /* Assets.xcassets in Resources */ = {isa = PBXBuildFile; fileRef = F1749AA7D2B1864A38435323 /* Assets.xcassets */; };
/* End PBXBuildFile section */

/* Begin PBXFileReference section */
		F5BF48AA40CAD7891EB709FC /* Stride.app */ = {isa = PBXFileReference; explicitFileType = wrapper.application; includeInIndex = 0; path = Stride.app; sourceTree = BUILT_PRODUCTS_DIR; };
		F1749AA7D2B1864A38435323 /* Assets.xcassets */ = {isa = PBXFileReference; lastKnownFileType = folder.assetcatalog; path = Assets.xcassets; sourceTree = "<group>"; };
		229E017B9EEFB7AA56D2BA9A /* Info.plist */ = {isa = PBXFileReference; lastKnownFileType = text.plist.xml; path = Info.plist; sourceTree = "<group>"; };
		BB4E9A9FF62D0F0C98945E3D /* Stride.entitlements */ = {isa = PBXFileReference; lastKnownFileType = text.plist.entitlements; path = Stride.entitlements; sourceTree = "<group>"; };
		D58A0EE49227F53B6A1F1444 /* StrideApp.swift */ = {isa = PBXFileReference; lastKnownFileType = sourcecode.swift; path = StrideApp.swift; sourceTree = "<group>"; };
		1FA624F0C32BEB22F50D202B /* CalorieEstimator.swift */ = {isa = PBXFileReference; lastKnownFileType = sourcecode.swift; path = CalorieEstimator.swift; sourceTree = "<group>"; };
		87A978A2662EF1621CAABF15 /* Format.swift */ = {isa = PBXFileReference; lastKnownFileType = sourcecode.swift; path = Format.swift; sourceTree = "<group>"; };
		29FA7A8DE980E1F58E9B8C0F /* RouteTrack.swift */ = {isa = PBXFileReference; lastKnownFileType = sourcecode.swift; path = RouteTrack.swift; sourceTree = "<group>"; };
		E2076B4A04421BB47F118404 /* UserProfile.swift */ = {isa = PBXFileReference; lastKnownFileType = sourcecode.swift; path = UserProfile.swift; sourceTree = "<group>"; };
		55A4080CF204E834DA15DCEA /* Walk.swift */ = {isa = PBXFileReference; lastKnownFileType = sourcecode.swift; path = Walk.swift; sourceTree = "<group>"; };
		24D30AD63DC62999230BB3B3 /* HealthKitService.swift */ = {isa = PBXFileReference; lastKnownFileType = sourcecode.swift; path = HealthKitService.swift; sourceTree = "<group>"; };
		91F130ED70CDC3EA6B71B45D /* LocationService.swift */ = {isa = PBXFileReference; lastKnownFileType = sourcecode.swift; path = LocationService.swift; sourceTree = "<group>"; };
		47EDCA951E51AA41288B1FC7 /* PedometerService.swift */ = {isa = PBXFileReference; lastKnownFileType = sourcecode.swift; path = PedometerService.swift; sourceTree = "<group>"; };
		FBB4FA9E3241AE7C7B1AF05B /* WalkStore.swift */ = {isa = PBXFileReference; lastKnownFileType = sourcecode.swift; path = WalkStore.swift; sourceTree = "<group>"; };
		54AB6C4E38E9A44E725A0836 /* TodayModel.swift */ = {isa = PBXFileReference; lastKnownFileType = sourcecode.swift; path = TodayModel.swift; sourceTree = "<group>"; };
		586596C04125F061D90FDF99 /* WalkSession.swift */ = {isa = PBXFileReference; lastKnownFileType = sourcecode.swift; path = WalkSession.swift; sourceTree = "<group>"; };
		1925E8E16292C3DE541DAEDE /* HistoryView.swift */ = {isa = PBXFileReference; lastKnownFileType = sourcecode.swift; path = HistoryView.swift; sourceTree = "<group>"; };
		1469BFF3B3AA822BDB255ED4 /* OnboardingView.swift */ = {isa = PBXFileReference; lastKnownFileType = sourcecode.swift; path = OnboardingView.swift; sourceTree = "<group>"; };
		34A61AEA27814A83F034EBD1 /* ProfileView.swift */ = {isa = PBXFileReference; lastKnownFileType = sourcecode.swift; path = ProfileView.swift; sourceTree = "<group>"; };
		D938BE3EE37B2BDF3383FAFD /* RootView.swift */ = {isa = PBXFileReference; lastKnownFileType = sourcecode.swift; path = RootView.swift; sourceTree = "<group>"; };
		83DD41935B3F9D134A25BA7B /* TodayView.swift */ = {isa = PBXFileReference; lastKnownFileType = sourcecode.swift; path = TodayView.swift; sourceTree = "<group>"; };
		5AE886BDE04D31F4039A6C98 /* WalkDetailView.swift */ = {isa = PBXFileReference; lastKnownFileType = sourcecode.swift; path = WalkDetailView.swift; sourceTree = "<group>"; };
		7CB8D914403F86197C536050 /* WalkSummaryView.swift */ = {isa = PBXFileReference; lastKnownFileType = sourcecode.swift; path = WalkSummaryView.swift; sourceTree = "<group>"; };
		B76E71D7B9D8BFE47E1ED740 /* WalkView.swift */ = {isa = PBXFileReference; lastKnownFileType = sourcecode.swift; path = WalkView.swift; sourceTree = "<group>"; };
		0DF788244EA471893F83E677 /* AppBackground.swift */ = {isa = PBXFileReference; lastKnownFileType = sourcecode.swift; path = AppBackground.swift; sourceTree = "<group>"; };
		4C4A939CB14C62B80083AD99 /* ConfettiBurst.swift */ = {isa = PBXFileReference; lastKnownFileType = sourcecode.swift; path = ConfettiBurst.swift; sourceTree = "<group>"; };
		F491CFDFA6A159359AB19CA8 /* ProgressRing.swift */ = {isa = PBXFileReference; lastKnownFileType = sourcecode.swift; path = ProgressRing.swift; sourceTree = "<group>"; };
		C6678D34B3C0C24BDCFFAA43 /* PulsingMarker.swift */ = {isa = PBXFileReference; lastKnownFileType = sourcecode.swift; path = PulsingMarker.swift; sourceTree = "<group>"; };
		C0F1176828828C05DDAD17FB /* RoutePreview.swift */ = {isa = PBXFileReference; lastKnownFileType = sourcecode.swift; path = RoutePreview.swift; sourceTree = "<group>"; };
		C3E7BB97D6A89CED0768A264 /* StatTile.swift */ = {isa = PBXFileReference; lastKnownFileType = sourcecode.swift; path = StatTile.swift; sourceTree = "<group>"; };
		136B8A0CF889019688C8C2BD /* StepsChart.swift */ = {isa = PBXFileReference; lastKnownFileType = sourcecode.swift; path = StepsChart.swift; sourceTree = "<group>"; };
		B234A60582AA49F79A20073D /* Theme.swift */ = {isa = PBXFileReference; lastKnownFileType = sourcecode.swift; path = Theme.swift; sourceTree = "<group>"; };
/* End PBXFileReference section */

/* Begin PBXFrameworksBuildPhase section */
		424153ED3CD079DB4DB459AF /* Frameworks */ = {
			isa = PBXFrameworksBuildPhase;
			buildActionMask = 2147483647;
			files = (
			);
			runOnlyForDeploymentPostprocessing = 0;
		};
/* End PBXFrameworksBuildPhase section */

/* Begin PBXGroup section */
		518DA81DB9B99529C0C0AEBE = {
			isa = PBXGroup;
			children = (
				DDB10F0E5C4B609EEF3855A6 /* Stride */,
				2F3A6B1E78F896718625FF06 /* Products */,
			);
			sourceTree = "<group>";
		};
		2F3A6B1E78F896718625FF06 /* Products */ = {
			isa = PBXGroup;
			children = (
				F5BF48AA40CAD7891EB709FC /* Stride.app */,
			);
			name = Products;
			sourceTree = "<group>";
		};
		83C9FB348DD1BE5C4E71AD17 /* Models */ = {
			isa = PBXGroup;
			children = (
				1FA624F0C32BEB22F50D202B /* CalorieEstimator.swift */,
				87A978A2662EF1621CAABF15 /* Format.swift */,
				29FA7A8DE980E1F58E9B8C0F /* RouteTrack.swift */,
				E2076B4A04421BB47F118404 /* UserProfile.swift */,
				55A4080CF204E834DA15DCEA /* Walk.swift */,
			);
			path = Models;
			sourceTree = "<group>";
		};
		5D981764EE9591DA9B9FFC91 /* Services */ = {
			isa = PBXGroup;
			children = (
				24D30AD63DC62999230BB3B3 /* HealthKitService.swift */,
				91F130ED70CDC3EA6B71B45D /* LocationService.swift */,
				47EDCA951E51AA41288B1FC7 /* PedometerService.swift */,
				FBB4FA9E3241AE7C7B1AF05B /* WalkStore.swift */,
			);
			path = Services;
			sourceTree = "<group>";
		};
		6F76DCB4223BDAB12F3082DD /* ViewModels */ = {
			isa = PBXGroup;
			children = (
				54AB6C4E38E9A44E725A0836 /* TodayModel.swift */,
				586596C04125F061D90FDF99 /* WalkSession.swift */,
			);
			path = ViewModels;
			sourceTree = "<group>";
		};
		ADCF9D0857F6AEACFA5F4D90 /* Components */ = {
			isa = PBXGroup;
			children = (
				0DF788244EA471893F83E677 /* AppBackground.swift */,
				4C4A939CB14C62B80083AD99 /* ConfettiBurst.swift */,
				F491CFDFA6A159359AB19CA8 /* ProgressRing.swift */,
				C6678D34B3C0C24BDCFFAA43 /* PulsingMarker.swift */,
				C0F1176828828C05DDAD17FB /* RoutePreview.swift */,
				C3E7BB97D6A89CED0768A264 /* StatTile.swift */,
				136B8A0CF889019688C8C2BD /* StepsChart.swift */,
				B234A60582AA49F79A20073D /* Theme.swift */,
			);
			path = Components;
			sourceTree = "<group>";
		};
		BAA359037E7B54C4966A140C /* Views */ = {
			isa = PBXGroup;
			children = (
				1925E8E16292C3DE541DAEDE /* HistoryView.swift */,
				1469BFF3B3AA822BDB255ED4 /* OnboardingView.swift */,
				34A61AEA27814A83F034EBD1 /* ProfileView.swift */,
				D938BE3EE37B2BDF3383FAFD /* RootView.swift */,
				83DD41935B3F9D134A25BA7B /* TodayView.swift */,
				5AE886BDE04D31F4039A6C98 /* WalkDetailView.swift */,
				7CB8D914403F86197C536050 /* WalkSummaryView.swift */,
				B76E71D7B9D8BFE47E1ED740 /* WalkView.swift */,
				ADCF9D0857F6AEACFA5F4D90 /* Components */,
			);
			path = Views;
			sourceTree = "<group>";
		};
		DDB10F0E5C4B609EEF3855A6 /* Stride */ = {
			isa = PBXGroup;
			children = (
				F1749AA7D2B1864A38435323 /* Assets.xcassets */,
				229E017B9EEFB7AA56D2BA9A /* Info.plist */,
				BB4E9A9FF62D0F0C98945E3D /* Stride.entitlements */,
				D58A0EE49227F53B6A1F1444 /* StrideApp.swift */,
				83C9FB348DD1BE5C4E71AD17 /* Models */,
				5D981764EE9591DA9B9FFC91 /* Services */,
				6F76DCB4223BDAB12F3082DD /* ViewModels */,
				BAA359037E7B54C4966A140C /* Views */,
			);
			path = Stride;
			sourceTree = "<group>";
		};
/* End PBXGroup section */

/* Begin PBXNativeTarget section */
		42AEFBAE01D2DFD981F7DA7D /* Stride */ = {
			isa = PBXNativeTarget;
			buildConfigurationList = F2F62AAE534BA46EC59716F3 /* Build configuration list for PBXNativeTarget "Stride" */;
			buildPhases = (
				7A70D71C385290AF96BF1031 /* Sources */,
				424153ED3CD079DB4DB459AF /* Frameworks */,
				285BB1C1430063331E9F5DD0 /* Resources */,
			);
			buildRules = (
			);
			dependencies = (
			);
			name = Stride;
			productName = Stride;
			productReference = F5BF48AA40CAD7891EB709FC /* Stride.app */;
			productType = "com.apple.product-type.application";
		};
/* End PBXNativeTarget section */

/* Begin PBXProject section */
		46F86FAA6BBF9AC94A7E4595 /* Project object */ = {
			isa = PBXProject;
			attributes = {
				BuildIndependentTargetsInParallel = 1;
				LastSwiftUpdateCheck = 1500;
				LastUpgradeCheck = 1500;
				TargetAttributes = {
					42AEFBAE01D2DFD981F7DA7D = {
						CreatedOnToolsVersion = 15.0;
					};
				};
			};
			buildConfigurationList = 7EF2517A8FE63F4681EC5EEA /* Build configuration list for PBXProject "Stride" */;
			compatibilityVersion = "Xcode 14.0";
			developmentRegion = en;
			hasScannedForEncodings = 0;
			knownRegions = (
				en,
				Base,
			);
			mainGroup = 518DA81DB9B99529C0C0AEBE;
			productRefGroup = 2F3A6B1E78F896718625FF06 /* Products */;
			projectDirPath = "";
			projectRoot = "";
			targets = (
				42AEFBAE01D2DFD981F7DA7D /* Stride */,
			);
		};
/* End PBXProject section */

/* Begin PBXResourcesBuildPhase section */
		285BB1C1430063331E9F5DD0 /* Resources */ = {
			isa = PBXResourcesBuildPhase;
			buildActionMask = 2147483647;
			files = (
				22A46C9CE9DD37651C9EA68A /* Assets.xcassets in Resources */,
			);
			runOnlyForDeploymentPostprocessing = 0;
		};
/* End PBXResourcesBuildPhase section */

/* Begin PBXSourcesBuildPhase section */
		7A70D71C385290AF96BF1031 /* Sources */ = {
			isa = PBXSourcesBuildPhase;
			buildActionMask = 2147483647;
			files = (
				76E124CB19A3CC49C392B799 /* StrideApp.swift in Sources */,
				1A3C9AF8458B8AE328B529F8 /* CalorieEstimator.swift in Sources */,
				0EFA671C45FAF5097D4A3106 /* Format.swift in Sources */,
				90A4AD6B0AECFB603663E36F /* RouteTrack.swift in Sources */,
				428E9D55A58B25588ECAA822 /* UserProfile.swift in Sources */,
				786600AC89CE653F8CDE7667 /* Walk.swift in Sources */,
				7610C5C98E5BD52EA85F6135 /* HealthKitService.swift in Sources */,
				71365948EFC7D026271D7DD3 /* LocationService.swift in Sources */,
				F1BF2F1AA929DA5BEC7FD7B8 /* PedometerService.swift in Sources */,
				7ACE6146F0A3C01C37751393 /* WalkStore.swift in Sources */,
				CF89808B8C8FF088D55E59D0 /* TodayModel.swift in Sources */,
				934EA668E938120ABA345B29 /* WalkSession.swift in Sources */,
				01D40406DFB638C12B1BC937 /* HistoryView.swift in Sources */,
				0EE19AEF2FE5ED495EC2B81D /* OnboardingView.swift in Sources */,
				FC6AAEB51CFFEE563D1A5C92 /* ProfileView.swift in Sources */,
				D5E30128C131D1FB2E384D60 /* RootView.swift in Sources */,
				7FEBA0DBC23CF870B2AD5E9A /* TodayView.swift in Sources */,
				43B064819C8E1FF00EC3F353 /* WalkDetailView.swift in Sources */,
				29D9D069BD810F281F9C05F6 /* WalkSummaryView.swift in Sources */,
				690D685F90624421C7FAE427 /* WalkView.swift in Sources */,
				DDA2E2A2AB4C8B00BA101F1B /* AppBackground.swift in Sources */,
				A56949155E56DE4A50C0EBBE /* ConfettiBurst.swift in Sources */,
				6DF20FA56DCEE0F3B3112EFF /* ProgressRing.swift in Sources */,
				FF92138F8AB1C2D72DC38843 /* PulsingMarker.swift in Sources */,
				8A074169FBAD48AA177CA7FF /* RoutePreview.swift in Sources */,
				1AD6D4CC51416E8FE7F18B04 /* StatTile.swift in Sources */,
				9A6DA4E475C30C7BF3A82B1A /* StepsChart.swift in Sources */,
				AD8BF2B12B68E70ECC2B9A8E /* Theme.swift in Sources */,
			);
			runOnlyForDeploymentPostprocessing = 0;
		};
/* End PBXSourcesBuildPhase section */

/* Begin XCBuildConfiguration section */
		EA36911E0558335EF93E3D17 /* Debug */ = {
			isa = XCBuildConfiguration;
			buildSettings = {
				ALWAYS_SEARCH_USER_PATHS = NO;
				ASSETCATALOG_COMPILER_GENERATE_SWIFT_ASSET_SYMBOL_EXTENSIONS = NO;
				CLANG_ANALYZER_NONNULL = YES;
				CLANG_ANALYZER_NUMBER_OBJECT_CONVERSION = YES_AGGRESSIVE;
				CLANG_CXX_LANGUAGE_STANDARD = "gnu++20";
				CLANG_ENABLE_MODULES = YES;
				CLANG_ENABLE_OBJC_ARC = YES;
				CLANG_ENABLE_OBJC_WEAK = YES;
				CLANG_WARN_BLOCK_CAPTURE_AUTORELEASING = YES;
				CLANG_WARN_BOOL_CONVERSION = YES;
				CLANG_WARN_COMMA = YES;
				CLANG_WARN_CONSTANT_CONVERSION = YES;
				CLANG_WARN_DEPRECATED_OBJC_IMPLEMENTATIONS = YES;
				CLANG_WARN_DIRECT_OBJC_ISA_USAGE = YES_ERROR;
				CLANG_WARN_DOCUMENTATION_COMMENTS = YES;
				CLANG_WARN_EMPTY_BODY = YES;
				CLANG_WARN_ENUM_CONVERSION = YES;
				CLANG_WARN_INFINITE_RECURSION = YES;
				CLANG_WARN_INT_CONVERSION = YES;
				CLANG_WARN_NON_LITERAL_NULL_CONVERSION = YES;
				CLANG_WARN_OBJC_IMPLICIT_RETAIN_SELF = YES;
				CLANG_WARN_OBJC_LITERAL_CONVERSION = YES;
				CLANG_WARN_OBJC_ROOT_CLASS = YES_ERROR;
				CLANG_WARN_QUOTED_INCLUDE_IN_FRAMEWORK_HEADER = YES;
				CLANG_WARN_RANGE_LOOP_ANALYSIS = YES;
				CLANG_WARN_STRICT_PROTOTYPES = YES;
				CLANG_WARN_SUSPICIOUS_MOVE = YES;
				CLANG_WARN_UNGUARDED_AVAILABILITY = YES_AGGRESSIVE;
				CLANG_WARN_UNREACHABLE_CODE = YES;
				CLANG_WARN__DUPLICATE_METHOD_MATCH = YES;
				COPY_PHASE_STRIP = NO;
				ENABLE_STRICT_OBJC_MSGSEND = YES;
				ENABLE_USER_SCRIPT_SANDBOXING = YES;
				GCC_C_LANGUAGE_STANDARD = gnu17;
				GCC_NO_COMMON_BLOCKS = YES;
				GCC_WARN_64_TO_32_BIT_CONVERSION = YES;
				GCC_WARN_ABOUT_RETURN_TYPE = YES_ERROR;
				GCC_WARN_UNDECLARED_SELECTOR = YES;
				GCC_WARN_UNINITIALIZED_AUTOS = YES_AGGRESSIVE;
				GCC_WARN_UNUSED_FUNCTION = YES;
				GCC_WARN_UNUSED_VARIABLE = YES;
				IPHONEOS_DEPLOYMENT_TARGET = 17.0;
				LOCALIZATION_PREFERS_STRING_CATALOGS = YES;
				MTL_FAST_MATH = YES;
				SDKROOT = iphoneos;
				SWIFT_STRICT_CONCURRENCY = minimal;
				SWIFT_VERSION = 5.0;
				DEBUG_INFORMATION_FORMAT = dwarf;
				ENABLE_TESTABILITY = YES;
				GCC_DYNAMIC_NO_PIC = NO;
				GCC_OPTIMIZATION_LEVEL = 0;
				GCC_PREPROCESSOR_DEFINITIONS = (
					"DEBUG=1",
					"$(inherited)",
				);
				MTL_ENABLE_DEBUG_INFO = INCLUDE_SOURCE;
				ONLY_ACTIVE_ARCH = YES;
				SWIFT_ACTIVE_COMPILATION_CONDITIONS = "DEBUG $(inherited)";
				SWIFT_OPTIMIZATION_LEVEL = "-Onone";
			};
			name = Debug;
		};
		C00C43CE64E88EBFBEA4D182 /* Release */ = {
			isa = XCBuildConfiguration;
			buildSettings = {
				ALWAYS_SEARCH_USER_PATHS = NO;
				ASSETCATALOG_COMPILER_GENERATE_SWIFT_ASSET_SYMBOL_EXTENSIONS = NO;
				CLANG_ANALYZER_NONNULL = YES;
				CLANG_ANALYZER_NUMBER_OBJECT_CONVERSION = YES_AGGRESSIVE;
				CLANG_CXX_LANGUAGE_STANDARD = "gnu++20";
				CLANG_ENABLE_MODULES = YES;
				CLANG_ENABLE_OBJC_ARC = YES;
				CLANG_ENABLE_OBJC_WEAK = YES;
				CLANG_WARN_BLOCK_CAPTURE_AUTORELEASING = YES;
				CLANG_WARN_BOOL_CONVERSION = YES;
				CLANG_WARN_COMMA = YES;
				CLANG_WARN_CONSTANT_CONVERSION = YES;
				CLANG_WARN_DEPRECATED_OBJC_IMPLEMENTATIONS = YES;
				CLANG_WARN_DIRECT_OBJC_ISA_USAGE = YES_ERROR;
				CLANG_WARN_DOCUMENTATION_COMMENTS = YES;
				CLANG_WARN_EMPTY_BODY = YES;
				CLANG_WARN_ENUM_CONVERSION = YES;
				CLANG_WARN_INFINITE_RECURSION = YES;
				CLANG_WARN_INT_CONVERSION = YES;
				CLANG_WARN_NON_LITERAL_NULL_CONVERSION = YES;
				CLANG_WARN_OBJC_IMPLICIT_RETAIN_SELF = YES;
				CLANG_WARN_OBJC_LITERAL_CONVERSION = YES;
				CLANG_WARN_OBJC_ROOT_CLASS = YES_ERROR;
				CLANG_WARN_QUOTED_INCLUDE_IN_FRAMEWORK_HEADER = YES;
				CLANG_WARN_RANGE_LOOP_ANALYSIS = YES;
				CLANG_WARN_STRICT_PROTOTYPES = YES;
				CLANG_WARN_SUSPICIOUS_MOVE = YES;
				CLANG_WARN_UNGUARDED_AVAILABILITY = YES_AGGRESSIVE;
				CLANG_WARN_UNREACHABLE_CODE = YES;
				CLANG_WARN__DUPLICATE_METHOD_MATCH = YES;
				COPY_PHASE_STRIP = NO;
				ENABLE_STRICT_OBJC_MSGSEND = YES;
				ENABLE_USER_SCRIPT_SANDBOXING = YES;
				GCC_C_LANGUAGE_STANDARD = gnu17;
				GCC_NO_COMMON_BLOCKS = YES;
				GCC_WARN_64_TO_32_BIT_CONVERSION = YES;
				GCC_WARN_ABOUT_RETURN_TYPE = YES_ERROR;
				GCC_WARN_UNDECLARED_SELECTOR = YES;
				GCC_WARN_UNINITIALIZED_AUTOS = YES_AGGRESSIVE;
				GCC_WARN_UNUSED_FUNCTION = YES;
				GCC_WARN_UNUSED_VARIABLE = YES;
				IPHONEOS_DEPLOYMENT_TARGET = 17.0;
				LOCALIZATION_PREFERS_STRING_CATALOGS = YES;
				MTL_FAST_MATH = YES;
				SDKROOT = iphoneos;
				SWIFT_STRICT_CONCURRENCY = minimal;
				SWIFT_VERSION = 5.0;
				DEBUG_INFORMATION_FORMAT = "dwarf-with-dsym";
				ENABLE_NS_ASSERTIONS = NO;
				MTL_ENABLE_DEBUG_INFO = NO;
				SWIFT_COMPILATION_MODE = wholemodule;
				VALIDATE_PRODUCT = YES;
			};
			name = Release;
		};
		2B300D60D80F64DC44AB8175 /* Debug */ = {
			isa = XCBuildConfiguration;
			buildSettings = {
				ASSETCATALOG_COMPILER_APPICON_NAME = AppIcon;
				ASSETCATALOG_COMPILER_GLOBAL_ACCENT_COLOR_NAME = AccentColor;
				CODE_SIGN_ENTITLEMENTS = Stride/Stride.entitlements;
				CODE_SIGN_STYLE = Automatic;
				CURRENT_PROJECT_VERSION = 1;
				ENABLE_PREVIEWS = YES;
				GENERATE_INFOPLIST_FILE = NO;
				INFOPLIST_FILE = Stride/Info.plist;
				IPHONEOS_DEPLOYMENT_TARGET = 17.0;
				LD_RUNPATH_SEARCH_PATHS = (
					"$(inherited)",
					"@executable_path/Frameworks",
				);
				MARKETING_VERSION = 1.0;
				PRODUCT_BUNDLE_IDENTIFIER = com.bishuu.stride;
				PRODUCT_NAME = "$(TARGET_NAME)";
				SDKROOT = iphoneos;
				SUPPORTED_PLATFORMS = "iphoneos iphonesimulator";
				SUPPORTS_MACCATALYST = NO;
				SUPPORTS_MAC_DESIGNED_FOR_IPHONE_IPAD = NO;
				SUPPORTS_XR_DESIGNED_FOR_IPHONE_IPAD = NO;
				SWIFT_EMIT_LOC_STRINGS = YES;
				SWIFT_VERSION = 5.0;
				TARGETED_DEVICE_FAMILY = 1;
			};
			name = Debug;
		};
		FCCECCC0341448E789A096F7 /* Release */ = {
			isa = XCBuildConfiguration;
			buildSettings = {
				ASSETCATALOG_COMPILER_APPICON_NAME = AppIcon;
				ASSETCATALOG_COMPILER_GLOBAL_ACCENT_COLOR_NAME = AccentColor;
				CODE_SIGN_ENTITLEMENTS = Stride/Stride.entitlements;
				CODE_SIGN_STYLE = Automatic;
				CURRENT_PROJECT_VERSION = 1;
				ENABLE_PREVIEWS = YES;
				GENERATE_INFOPLIST_FILE = NO;
				INFOPLIST_FILE = Stride/Info.plist;
				IPHONEOS_DEPLOYMENT_TARGET = 17.0;
				LD_RUNPATH_SEARCH_PATHS = (
					"$(inherited)",
					"@executable_path/Frameworks",
				);
				MARKETING_VERSION = 1.0;
				PRODUCT_BUNDLE_IDENTIFIER = com.bishuu.stride;
				PRODUCT_NAME = "$(TARGET_NAME)";
				SDKROOT = iphoneos;
				SUPPORTED_PLATFORMS = "iphoneos iphonesimulator";
				SUPPORTS_MACCATALYST = NO;
				SUPPORTS_MAC_DESIGNED_FOR_IPHONE_IPAD = NO;
				SUPPORTS_XR_DESIGNED_FOR_IPHONE_IPAD = NO;
				SWIFT_EMIT_LOC_STRINGS = YES;
				SWIFT_VERSION = 5.0;
				TARGETED_DEVICE_FAMILY = 1;
			};
			name = Release;
		};
/* End XCBuildConfiguration section */

/* Begin XCConfigurationList section */
		7EF2517A8FE63F4681EC5EEA /* Build configuration list for PBXProject "Stride" */ = {
			isa = XCConfigurationList;
			buildConfigurations = (
				EA36911E0558335EF93E3D17 /* Debug */,
				C00C43CE64E88EBFBEA4D182 /* Release */,
			);
			defaultConfigurationIsVisible = 0;
			defaultConfigurationName = Release;
		};
		F2F62AAE534BA46EC59716F3 /* Build configuration list for PBXNativeTarget "Stride" */ = {
			isa = XCConfigurationList;
			buildConfigurations = (
				2B300D60D80F64DC44AB8175 /* Debug */,
				FCCECCC0341448E789A096F7 /* Release */,
			);
			defaultConfigurationIsVisible = 0;
			defaultConfigurationName = Release;
		};
/* End XCConfigurationList section */
	};
	rootObject = 46F86FAA6BBF9AC94A7E4595 /* Project object */;
}
